
Microsoft Visual Studio Solution File, Format Version 12.00
# Visual Studio Version 17
VisualStudioVersion = 17.3.32929.385
MinimumVisualStudioVersion = 10.0.40219.1
Project("{FAE04EC0-301F-11D3-BF4B-00C04F79EFBC}") = "AimTrainerRestApi", "AimTrainerRestApi\AimTrainerRestApi.csproj", "{20EF96FE-22A0-4B63-AD50-DB906AF47EE6}"
EndProject
Global
	GlobalSection(SolutionConfigurationPlatforms) = preSolution
		Debug|Any CPU = Debug|Any CPU
		Release|Any CPU = Release|Any CPU
	EndGlobalSection
	GlobalSection(ProjectConfigurationPlatforms) = postSolution
		{20EF96FE-22A0-4B63-AD50-DB906AF47EE6}.Debug|Any CPU.ActiveCfg = Debug|Any CPU
		{20EF96FE-22A0-4B63-AD50-DB906AF47EE6}.Debug|Any CPU.Build.0 = Debug|Any CPU
		{20EF96FE-22A0-4B63-AD50-DB906AF47EE6}.Release|Any CPU.ActiveCfg = Release|Any CPU
		{20EF96FE-22A0-4B63-AD50-DB906AF47EE6}.Release|Any CPU.Build.0 = Release|Any CPU
	EndGlobalSection
	GlobalSection(SolutionProperties) = preSolution
		HideSolutionNode = FALSE
	EndGlobalSection
	GlobalSection(ExtensibilityGlobals) = postSolution
		SolutionGuid = {8212CCE2-CB01-408F-BFDD-C0EE4AFE9677}
	EndGlobalSection
EndGlobal
